
Microsoft Visual Studio Solution File, Format Version 12.00
# Visual Studio Version 16
VisualStudioVersion = 16.0.31313.79
MinimumVisualStudioVersion = 10.0.40219.1
Project("{FAE04EC0-301F-11D3-BF4B-00C04F79EFBC}") = "BlogCent", "BlogCent\BlogCent.csproj", "{327FE503-7D99-4106-90D6-14874D237E53}"
EndProject
Global
	GlobalSection(SolutionConfigurationPlatforms) = preSolution
		Debug|Any CPU = Debug|Any CPU
		Release|Any CPU = Release|Any CPU
	EndGlobalSection
	GlobalSection(ProjectConfigurationPlatforms) = postSolution
		{327FE503-7D99-4106-90D6-14874D237E53}.Debug|Any CPU.ActiveCfg = Debug|Any CPU
		{327FE503-7D99-4106-90D6-14874D237E53}.Debug|Any CPU.Build.0 = Debug|Any CPU
		{327FE503-7D99-4106-90D6-14874D237E53}.Release|Any CPU.ActiveCfg = Release|Any CPU
		{327FE503-7D99-4106-90D6-14874D237E53}.Release|Any CPU.Build.0 = Release|Any CPU
	EndGlobalSection
	GlobalSection(SolutionProperties) = preSolution
		HideSolutionNode = FALSE
	EndGlobalSection
	GlobalSection(ExtensibilityGlobals) = postSolution
		SolutionGuid = {C7756AF9-2755-4ACD-A1D8-A13F62D80F3A}
	EndGlobalSection
EndGlobal
